
Microsoft Visual Studio Solution File, Format Version 12.00
# Visual Studio Version 16
VisualStudioVersion = 16.0.30804.86
MinimumVisualStudioVersion = 10.0.40219.1
Project("{FAE04EC0-301F-11D3-BF4B-00C04F79EFBC}") = "Завдання_1", "Завдання_1\Завдання_1.csproj", "{CE284814-849C-4CB6-91EF-C2EF28646FB6}"
EndProject
Global
	GlobalSection(SolutionConfigurationPlatforms) = preSolution
		Debug|Any CPU = Debug|Any CPU
		Release|Any CPU = Release|Any CPU
	EndGlobalSection
	GlobalSection(ProjectConfigurationPlatforms) = postSolution
		{CE284814-849C-4CB6-91EF-C2EF28646FB6}.Debug|Any CPU.ActiveCfg = Debug|Any CPU
		{CE284814-849C-4CB6-91EF-C2EF28646FB6}.Debug|Any CPU.Build.0 = Debug|Any CPU
		{CE284814-849C-4CB6-91EF-C2EF28646FB6}.Release|Any CPU.ActiveCfg = Release|Any CPU
		{CE284814-849C-4CB6-91EF-C2EF28646FB6}.Release|Any CPU.Build.0 = Release|Any CPU
	EndGlobalSection
	GlobalSection(SolutionProperties) = preSolution
		HideSolutionNode = FALSE
	EndGlobalSection
	GlobalSection(ExtensibilityGlobals) = postSolution
		SolutionGuid = {B16BA649-E08B-4702-9637-FA03B02AECAD}
	EndGlobalSection
EndGlobal
